
Microsoft Visual Studio Solution File, Format Version 12.00
# Visual Studio Version 17
VisualStudioVersion = 17.11.35222.181
MinimumVisualStudioVersion = 10.0.40219.1
Project("{FAE04EC0-301F-11D3-BF4B-00C04F79EFBC}") = "BAI2", "BAI2\BAI2.csproj", "{154FFB1D-B612-4B41-B3A5-6CC73E9F43E8}"
EndProject
Global
	GlobalSection(SolutionConfigurationPlatforms) = preSolution
		Debug|Any CPU = Debug|Any CPU
		Release|Any CPU = Release|Any CPU
	EndGlobalSection
	GlobalSection(ProjectConfigurationPlatforms) = postSolution
		{154FFB1D-B612-4B41-B3A5-6CC73E9F43E8}.Debug|Any CPU.ActiveCfg = Debug|Any CPU
		{154FFB1D-B612-4B41-B3A5-6CC73E9F43E8}.Debug|Any CPU.Build.0 = Debug|Any CPU
		{154FFB1D-B612-4B41-B3A5-6CC73E9F43E8}.Release|Any CPU.ActiveCfg = Release|Any CPU
		{154FFB1D-B612-4B41-B3A5-6CC73E9F43E8}.Release|Any CPU.Build.0 = Release|Any CPU
	EndGlobalSection
	GlobalSection(SolutionProperties) = preSolution
		HideSolutionNode = FALSE
	EndGlobalSection
	GlobalSection(ExtensibilityGlobals) = postSolution
		SolutionGuid = {79048659-4B19-4C1A-BEB5-F9095FC8DFF9}
	EndGlobalSection
EndGlobal
